
Microsoft Visual Studio Solution File, Format Version 12.00
# Visual Studio Version 16
VisualStudioVersion = 16.0.30011.22
MinimumVisualStudioVersion = 10.0.40219.1
Project("{FAE04EC0-301F-11D3-BF4B-00C04F79EFBC}") = "Xamarin.Forms.NeoControls", "Xamarin.Forms.NeoControls\Xamarin.Forms.NeoControls.csproj", "{C54DCE3E-033C-42C3-99D0-08C01EAA7FEC}"
EndProject
Global
	GlobalSection(SolutionConfigurationPlatforms) = preSolution
		Debug|Any CPU = Debug|Any CPU
		Release|Any CPU = Release|Any CPU
	EndGlobalSection
	GlobalSection(ProjectConfigurationPlatforms) = postSolution
		{C54DCE3E-033C-42C3-99D0-08C01EAA7FEC}.Debug|Any CPU.ActiveCfg = Debug|Any CPU
		{C54DCE3E-033C-42C3-99D0-08C01EAA7FEC}.Debug|Any CPU.Build.0 = Debug|Any CPU
		{C54DCE3E-033C-42C3-99D0-08C01EAA7FEC}.Release|Any CPU.ActiveCfg = Release|Any CPU
		{C54DCE3E-033C-42C3-99D0-08C01EAA7FEC}.Release|Any CPU.Build.0 = Release|Any CPU
	EndGlobalSection
	GlobalSection(SolutionProperties) = preSolution
		HideSolutionNode = FALSE
	EndGlobalSection
	GlobalSection(ExtensibilityGlobals) = postSolution
		SolutionGuid = {815CA7F1-18E6-4563-AB94-49CD509A63CB}
	EndGlobalSection
EndGlobal
